
Microsoft Visual Studio Solution File, Format Version 12.00
# Visual Studio Version 17
VisualStudioVersion = 17.5.002.0
MinimumVisualStudioVersion = 10.0.40219.1
Project("{9A19103F-16F7-4668-BE54-9A1E7A4F7556}") = "SintaxeEIdentacao", "SintaxeEIdentacao.csproj", "{5C3CEA96-F11E-4BC0-BA14-448B71772C17}"
EndProject
Global
	GlobalSection(SolutionConfigurationPlatforms) = preSolution
		Debug|Any CPU = Debug|Any CPU
		Release|Any CPU = Release|Any CPU
	EndGlobalSection
	GlobalSection(ProjectConfigurationPlatforms) = postSolution
		{5C3CEA96-F11E-4BC0-BA14-448B71772C17}.Debug|Any CPU.ActiveCfg = Debug|Any CPU
		{5C3CEA96-F11E-4BC0-BA14-448B71772C17}.Debug|Any CPU.Build.0 = Debug|Any CPU
		{5C3CEA96-F11E-4BC0-BA14-448B71772C17}.Release|Any CPU.ActiveCfg = Release|Any CPU
		{5C3CEA96-F11E-4BC0-BA14-448B71772C17}.Release|Any CPU.Build.0 = Release|Any CPU
	EndGlobalSection
	GlobalSection(SolutionProperties) = preSolution
		HideSolutionNode = FALSE
	EndGlobalSection
	GlobalSection(ExtensibilityGlobals) = postSolution
		SolutionGuid = {B31180C8-CCDA-49DA-A51F-8A93067DDEF3}
	EndGlobalSection
EndGlobal
