
Microsoft Visual Studio Solution File, Format Version 12.00
# Visual Studio Version 17
VisualStudioVersion = 17.0.31903.59
MinimumVisualStudioVersion = 10.0.40219.1
Project("{2150E333-8FDC-42A3-9474-1A3956D46DE8}") = "DesafiosTreinos", "DesafiosTreinos", "{F1030154-BF35-4B2E-BF64-DE9B4E6CDA48}"
EndProject
Project("{FAE04EC0-301F-11D3-BF4B-00C04F79EFBC}") = "D001", "DesafiosTreinos\D001\D001.csproj", "{833626F7-AC72-48B7-9CFD-A2892AA1DE98}"
EndProject
Project("{FAE04EC0-301F-11D3-BF4B-00C04F79EFBC}") = "D002", "DesafiosTreinos\D002\D002.csproj", "{20C7C5B0-117C-4E69-B475-49338E767B0D}"
EndProject
Project("{FAE04EC0-301F-11D3-BF4B-00C04F79EFBC}") = "ExemplosEFundamentos", "ExemplosEFundamentos\ExemplosEFundamentos.csproj", "{E09826E6-01B8-4357-9684-350CCA8E2762}"
EndProject
Project("{FAE04EC0-301F-11D3-BF4B-00C04F79EFBC}") = "SintaxeEIdentacao", "SintaxeEIdentacao\SintaxeEIdentacao.csproj", "{22FE2460-BCA6-4E44-BF66-5AAD21DC9D7F}"
EndProject
Project("{FAE04EC0-301F-11D3-BF4B-00C04F79EFBC}") = "SintaxeEIdentacao.Common", "SintaxeEIdentacao.Common\SintaxeEIdentacao.Common.csproj", "{44A71B1F-3D28-4D8D-AF09-30613E2B02D8}"
EndProject
Project("{FAE04EC0-301F-11D3-BF4B-00C04F79EFBC}") = "ExemploExplorando", "ExemploExplorando\ExemploExplorando.csproj", "{4B5F9193-7B11-4E7A-BBE4-5322D5AA88E4}"
EndProject
Project("{FAE04EC0-301F-11D3-BF4B-00C04F79EFBC}") = "D003", "DesafiosTreinos\D003\D003.csproj", "{EFFB42C3-E55C-4E17-A66B-550367688FF1}"
EndProject
Global
	GlobalSection(SolutionConfigurationPlatforms) = preSolution
		Debug|Any CPU = Debug|Any CPU
		Release|Any CPU = Release|Any CPU
	EndGlobalSection
	GlobalSection(SolutionProperties) = preSolution
		HideSolutionNode = FALSE
	EndGlobalSection
	GlobalSection(ProjectConfigurationPlatforms) = postSolution
		{5E76E58B-A9D2-42C1-B78B-177BA8FF2E7B}.Debug|Any CPU.ActiveCfg = Debug|Any CPU
		{5E76E58B-A9D2-42C1-B78B-177BA8FF2E7B}.Debug|Any CPU.Build.0 = Debug|Any CPU
		{5E76E58B-A9D2-42C1-B78B-177BA8FF2E7B}.Release|Any CPU.ActiveCfg = Release|Any CPU
		{5E76E58B-A9D2-42C1-B78B-177BA8FF2E7B}.Release|Any CPU.Build.0 = Release|Any CPU
		{833626F7-AC72-48B7-9CFD-A2892AA1DE98}.Debug|Any CPU.ActiveCfg = Debug|Any CPU
		{833626F7-AC72-48B7-9CFD-A2892AA1DE98}.Debug|Any CPU.Build.0 = Debug|Any CPU
		{833626F7-AC72-48B7-9CFD-A2892AA1DE98}.Release|Any CPU.ActiveCfg = Release|Any CPU
		{833626F7-AC72-48B7-9CFD-A2892AA1DE98}.Release|Any CPU.Build.0 = Release|Any CPU
		{20C7C5B0-117C-4E69-B475-49338E767B0D}.Debug|Any CPU.ActiveCfg = Debug|Any CPU
		{20C7C5B0-117C-4E69-B475-49338E767B0D}.Debug|Any CPU.Build.0 = Debug|Any CPU
		{20C7C5B0-117C-4E69-B475-49338E767B0D}.Release|Any CPU.ActiveCfg = Release|Any CPU
		{20C7C5B0-117C-4E69-B475-49338E767B0D}.Release|Any CPU.Build.0 = Release|Any CPU
		{E09826E6-01B8-4357-9684-350CCA8E2762}.Debug|Any CPU.ActiveCfg = Debug|Any CPU
		{E09826E6-01B8-4357-9684-350CCA8E2762}.Debug|Any CPU.Build.0 = Debug|Any CPU
		{E09826E6-01B8-4357-9684-350CCA8E2762}.Release|Any CPU.ActiveCfg = Release|Any CPU
		{E09826E6-01B8-4357-9684-350CCA8E2762}.Release|Any CPU.Build.0 = Release|Any CPU
		{22FE2460-BCA6-4E44-BF66-5AAD21DC9D7F}.Debug|Any CPU.ActiveCfg = Debug|Any CPU
		{22FE2460-BCA6-4E44-BF66-5AAD21DC9D7F}.Debug|Any CPU.Build.0 = Debug|Any CPU
		{22FE2460-BCA6-4E44-BF66-5AAD21DC9D7F}.Release|Any CPU.ActiveCfg = Release|Any CPU
		{22FE2460-BCA6-4E44-BF66-5AAD21DC9D7F}.Release|Any CPU.Build.0 = Release|Any CPU
		{7C75037A-6DBB-4DEB-BC79-6E083F8C20D9}.Debug|Any CPU.ActiveCfg = Debug|Any CPU
		{7C75037A-6DBB-4DEB-BC79-6E083F8C20D9}.Debug|Any CPU.Build.0 = Debug|Any CPU
		{7C75037A-6DBB-4DEB-BC79-6E083F8C20D9}.Release|Any CPU.ActiveCfg = Release|Any CPU
		{7C75037A-6DBB-4DEB-BC79-6E083F8C20D9}.Release|Any CPU.Build.0 = Release|Any CPU
		{44A71B1F-3D28-4D8D-AF09-30613E2B02D8}.Debug|Any CPU.ActiveCfg = Debug|Any CPU
		{44A71B1F-3D28-4D8D-AF09-30613E2B02D8}.Debug|Any CPU.Build.0 = Debug|Any CPU
		{44A71B1F-3D28-4D8D-AF09-30613E2B02D8}.Release|Any CPU.ActiveCfg = Release|Any CPU
		{44A71B1F-3D28-4D8D-AF09-30613E2B02D8}.Release|Any CPU.Build.0 = Release|Any CPU
		{4B5F9193-7B11-4E7A-BBE4-5322D5AA88E4}.Debug|Any CPU.ActiveCfg = Debug|Any CPU
		{4B5F9193-7B11-4E7A-BBE4-5322D5AA88E4}.Debug|Any CPU.Build.0 = Debug|Any CPU
		{4B5F9193-7B11-4E7A-BBE4-5322D5AA88E4}.Release|Any CPU.ActiveCfg = Release|Any CPU
		{4B5F9193-7B11-4E7A-BBE4-5322D5AA88E4}.Release|Any CPU.Build.0 = Release|Any CPU
		{EFFB42C3-E55C-4E17-A66B-550367688FF1}.Debug|Any CPU.ActiveCfg = Debug|Any CPU
		{EFFB42C3-E55C-4E17-A66B-550367688FF1}.Debug|Any CPU.Build.0 = Debug|Any CPU
		{EFFB42C3-E55C-4E17-A66B-550367688FF1}.Release|Any CPU.ActiveCfg = Release|Any CPU
		{EFFB42C3-E55C-4E17-A66B-550367688FF1}.Release|Any CPU.Build.0 = Release|Any CPU
	EndGlobalSection
	GlobalSection(NestedProjects) = preSolution
		{833626F7-AC72-48B7-9CFD-A2892AA1DE98} = {F1030154-BF35-4B2E-BF64-DE9B4E6CDA48}
		{20C7C5B0-117C-4E69-B475-49338E767B0D} = {F1030154-BF35-4B2E-BF64-DE9B4E6CDA48}
		{EFFB42C3-E55C-4E17-A66B-550367688FF1} = {F1030154-BF35-4B2E-BF64-DE9B4E6CDA48}
	EndGlobalSection
EndGlobal
